
Microsoft Visual Studio Solution File, Format Version 12.00
Project("{FAE04EC0-301F-11D3-BF4B-00C04F79EFBC}") = "Assignment", "Assignment\Assignment.csproj", "{D06FDAB0-78D3-40F1-95FB-3DA534EF9E8C}"
EndProject
Project("{FAE04EC0-301F-11D3-BF4B-00C04F79EFBC}") = "Assignment.Tests", "Assignment.Tests\Assignment.Tests.csproj", "{66EBA45E-849C-494E-8364-C02F7083C694}"
EndProject
Global
	GlobalSection(SolutionConfigurationPlatforms) = preSolution
		Debug|Any CPU = Debug|Any CPU
		Release|Any CPU = Release|Any CPU
	EndGlobalSection
	GlobalSection(ProjectConfigurationPlatforms) = postSolution
		{D06FDAB0-78D3-40F1-95FB-3DA534EF9E8C}.Debug|Any CPU.ActiveCfg = Debug|Any CPU
		{D06FDAB0-78D3-40F1-95FB-3DA534EF9E8C}.Debug|Any CPU.Build.0 = Debug|Any CPU
		{D06FDAB0-78D3-40F1-95FB-3DA534EF9E8C}.Release|Any CPU.ActiveCfg = Release|Any CPU
		{D06FDAB0-78D3-40F1-95FB-3DA534EF9E8C}.Release|Any CPU.Build.0 = Release|Any CPU
		{66EBA45E-849C-494E-8364-C02F7083C694}.Debug|Any CPU.ActiveCfg = Debug|Any CPU
		{66EBA45E-849C-494E-8364-C02F7083C694}.Debug|Any CPU.Build.0 = Debug|Any CPU
		{66EBA45E-849C-494E-8364-C02F7083C694}.Release|Any CPU.ActiveCfg = Release|Any CPU
		{66EBA45E-849C-494E-8364-C02F7083C694}.Release|Any CPU.Build.0 = Release|Any CPU
	EndGlobalSection
EndGlobal
